
Microsoft Visual Studio Solution File, Format Version 12.00
# Visual Studio Version 17
VisualStudioVersion = 17.0.31903.59
MinimumVisualStudioVersion = 10.0.40219.1
Project("{2150E333-8FDC-42A3-9474-1A3956D46DE8}") = "prova", "prova", "{845B4D41-F5B6-4313-86F3-5259BE0D6B05}"
EndProject
Project("{FAE04EC0-301F-11D3-BF4B-00C04F79EFBC}") = "ConsoleAppProva", "prova\ConsoleAppProva\ConsoleAppProva.csproj", "{3E44273A-0A78-42D7-929F-12EEA3FFD9F2}"
EndProject
Global
	GlobalSection(SolutionConfigurationPlatforms) = preSolution
		Debug|Any CPU = Debug|Any CPU
		Release|Any CPU = Release|Any CPU
	EndGlobalSection
	GlobalSection(SolutionProperties) = preSolution
		HideSolutionNode = FALSE
	EndGlobalSection
	GlobalSection(ProjectConfigurationPlatforms) = postSolution
		{3E44273A-0A78-42D7-929F-12EEA3FFD9F2}.Debug|Any CPU.ActiveCfg = Debug|Any CPU
		{3E44273A-0A78-42D7-929F-12EEA3FFD9F2}.Debug|Any CPU.Build.0 = Debug|Any CPU
		{3E44273A-0A78-42D7-929F-12EEA3FFD9F2}.Release|Any CPU.ActiveCfg = Release|Any CPU
		{3E44273A-0A78-42D7-929F-12EEA3FFD9F2}.Release|Any CPU.Build.0 = Release|Any CPU
	EndGlobalSection
	GlobalSection(NestedProjects) = preSolution
		{3E44273A-0A78-42D7-929F-12EEA3FFD9F2} = {845B4D41-F5B6-4313-86F3-5259BE0D6B05}
	EndGlobalSection
EndGlobal
