
Microsoft Visual Studio Solution File, Format Version 12.00
# Visual Studio Version 17
VisualStudioVersion = 17.0.31903.59
MinimumVisualStudioVersion = 10.0.40219.1
Project("{FAE04EC0-301F-11D3-BF4B-00C04F79EFBC}") = "ConsoleAppIfElse", "ConsoleAppIfElse\ConsoleAppIfElse.csproj", "{2D06BDBA-66C5-4095-A675-3D67692E0BFD}"
EndProject
Global
	GlobalSection(SolutionConfigurationPlatforms) = preSolution
		Debug|Any CPU = Debug|Any CPU
		Release|Any CPU = Release|Any CPU
	EndGlobalSection
	GlobalSection(SolutionProperties) = preSolution
		HideSolutionNode = FALSE
	EndGlobalSection
	GlobalSection(ProjectConfigurationPlatforms) = postSolution
		{2D06BDBA-66C5-4095-A675-3D67692E0BFD}.Debug|Any CPU.ActiveCfg = Debug|Any CPU
		{2D06BDBA-66C5-4095-A675-3D67692E0BFD}.Debug|Any CPU.Build.0 = Debug|Any CPU
		{2D06BDBA-66C5-4095-A675-3D67692E0BFD}.Release|Any CPU.ActiveCfg = Release|Any CPU
		{2D06BDBA-66C5-4095-A675-3D67692E0BFD}.Release|Any CPU.Build.0 = Release|Any CPU
	EndGlobalSection
EndGlobal
